
Microsoft Visual Studio Solution File, Format Version 12.00
# Visual Studio Version 17
VisualStudioVersion = 17.4.33103.184
MinimumVisualStudioVersion = 10.0.40219.1
Project("{FAE04EC0-301F-11D3-BF4B-00C04F79EFBC}") = "RelogioHorasTrabalhadas", "RelogioHorasTrabalhadas\RelogioHorasTrabalhadas.csproj", "{965AE7F2-479E-4BA5-A384-1CD9E8DFB1EC}"
EndProject
Global
	GlobalSection(SolutionConfigurationPlatforms) = preSolution
		Debug|Any CPU = Debug|Any CPU
		Release|Any CPU = Release|Any CPU
	EndGlobalSection
	GlobalSection(ProjectConfigurationPlatforms) = postSolution
		{965AE7F2-479E-4BA5-A384-1CD9E8DFB1EC}.Debug|Any CPU.ActiveCfg = Debug|Any CPU
		{965AE7F2-479E-4BA5-A384-1CD9E8DFB1EC}.Debug|Any CPU.Build.0 = Debug|Any CPU
		{965AE7F2-479E-4BA5-A384-1CD9E8DFB1EC}.Release|Any CPU.ActiveCfg = Release|Any CPU
		{965AE7F2-479E-4BA5-A384-1CD9E8DFB1EC}.Release|Any CPU.Build.0 = Release|Any CPU
	EndGlobalSection
	GlobalSection(SolutionProperties) = preSolution
		HideSolutionNode = FALSE
	EndGlobalSection
	GlobalSection(ExtensibilityGlobals) = postSolution
		SolutionGuid = {B9843962-EAAE-47CD-A9E9-2D86E76CD1B6}
	EndGlobalSection
EndGlobal
